
Microsoft Visual Studio Solution File, Format Version 12.00
# Visual Studio Version 16
VisualStudioVersion = 16.0.30309.148
MinimumVisualStudioVersion = 10.0.40219.1
Project("{FAE04EC0-301F-11D3-BF4B-00C04F79EFBC}") = "VisualizationBubbleSort", "VisualizationBubbleSort.csproj", "{B9F63B99-BA5F-418A-B971-8C9254CDC710}"
EndProject
Global
	GlobalSection(SolutionConfigurationPlatforms) = preSolution
		Debug|Any CPU = Debug|Any CPU
		Release|Any CPU = Release|Any CPU
	EndGlobalSection
	GlobalSection(ProjectConfigurationPlatforms) = postSolution
		{B9F63B99-BA5F-418A-B971-8C9254CDC710}.Debug|Any CPU.ActiveCfg = Debug|Any CPU
		{B9F63B99-BA5F-418A-B971-8C9254CDC710}.Debug|Any CPU.Build.0 = Debug|Any CPU
		{B9F63B99-BA5F-418A-B971-8C9254CDC710}.Release|Any CPU.ActiveCfg = Release|Any CPU
		{B9F63B99-BA5F-418A-B971-8C9254CDC710}.Release|Any CPU.Build.0 = Release|Any CPU
	EndGlobalSection
	GlobalSection(SolutionProperties) = preSolution
		HideSolutionNode = FALSE
	EndGlobalSection
	GlobalSection(ExtensibilityGlobals) = postSolution
		SolutionGuid = {922F4DC2-53D4-4BA1-B552-4DF5C61741B9}
	EndGlobalSection
EndGlobal
